lockfileVersion: '9.0'

settings:
  autoInstallPeers: true
  excludeLinksFromLockfile: false

importers:

  .:
    dependencies:
      better-auth:
        specifier: ^1.0.7
        version: 1.0.7
      hono:
        specifier: ^4.6.12
        version: 4.6.12
      zod:
        specifier: ^3.23.8
        version: 3.23.8
    devDependencies:
      '@ianvs/prettier-plugin-sort-imports':
        specifier: ^4.4.0
        version: 4.4.0(prettier@3.4.1)
      '@types/node':
        specifier: ^22.10.1
        version: 22.10.1
      concurrently:
        specifier: ^9.1.0
        version: 9.1.0
      prettier:
        specifier: ^3.4.1
        version: 3.4.1
      prettier-plugin-tailwindcss:
        specifier: ^0.6.9
        version: 0.6.9(@ianvs/prettier-plugin-sort-imports@4.4.0(prettier@3.4.1))(prettier@3.4.1)

packages:

  '@babel/code-frame@7.26.2':
    resolution: {integrity: sha512-RJlIHRueQgwWitWgF8OdFYGZX328Ax5BCemNGlqHfplnRT9ESi8JkFlvaVYbS+UubVY6dpv87Fs2u5M29iNFVQ==}
    engines: {node: '>=6.9.0'}

  '@babel/generator@7.26.2':
    resolution: {integrity: sha512-zevQbhbau95nkoxSq3f/DC/SC+EEOUZd3DYqfSkMhY2/wfSeaHV1Ew4vk8e+x8lja31IbyuUa2uQ3JONqKbysw==}
    engines: {node: '>=6.9.0'}

  '@babel/helper-string-parser@7.25.9':
    resolution: {integrity: sha512-4A/SCr/2KLd5jrtOMFzaKjVtAei3+2r/NChoBNoZ3EyP/+GlhoaEGoWOZUmFmoITP7zOJyHIMm+DYRd8o3PvHA==}
    engines: {node: '>=6.9.0'}

  '@babel/helper-validator-identifier@7.25.9':
    resolution: {integrity: sha512-Ed61U6XJc3CVRfkERJWDz4dJwKe7iLmmJsbOGu9wSloNSFttHV0I8g6UAgb7qnK5ly5bGLPd4oXZlxCdANBOWQ==}
    engines: {node: '>=6.9.0'}

  '@babel/parser@7.26.2':
    resolution: {integrity: sha512-DWMCZH9WA4Maitz2q21SRKHo9QXZxkDsbNZoVD62gusNtNBBqDg9i7uOhASfTfIGNzW+O+r7+jAlM8dwphcJKQ==}
    engines: {node: '>=6.0.0'}
    hasBin: true

  '@babel/template@7.25.9':
    resolution: {integrity: sha512-9DGttpmPvIxBb/2uwpVo3dqJ+O6RooAFOS+lB+xDqoE2PVCE8nfoHMdZLpfCQRLwvohzXISPZcgxt80xLfsuwg==}
    engines: {node: '>=6.9.0'}

  '@babel/traverse@7.25.9':
    resolution: {integrity: sha512-ZCuvfwOwlz/bawvAuvcj8rrithP2/N55Tzz342AkTvq4qaWbGfmCk/tKhNaV2cthijKrPAA8SRJV5WWe7IBMJw==}
    engines: {node: '>=6.9.0'}

  '@babel/types@7.26.0':
    resolution: {integrity: sha512-Z/yiTPj+lDVnF7lWeKCIJzaIkI0vYO87dMpZ4bg4TDrFe4XXLFWL1TbXU27gBP3QccxV9mZICCrnjnYlJjXHOA==}
    engines: {node: '>=6.9.0'}

  '@better-fetch/fetch@1.1.12':
    resolution: {integrity: sha512-B3bfloI/2UBQWIATRN6qmlORrvx3Mp0kkNjmXLv0b+DtbtR+pP4/I5kQA/rDUv+OReLywCCldf6co4LdDmh8JA==}

  '@emnapi/core@0.45.0':
    resolution: {integrity: sha512-DPWjcUDQkCeEM4VnljEOEcXdAD7pp8zSZsgOujk/LGIwCXWbXJngin+MO4zbH429lzeC3WbYLGjE2MaUOwzpyw==}

  '@emnapi/runtime@0.45.0':
    resolution: {integrity: sha512-Txumi3td7J4A/xTTwlssKieHKTGl3j4A1tglBx72auZ49YK7ePY6XZricgIg9mnZT4xPfA+UPCUdnhRuEFDL+w==}

  '@hexagon/base64@1.1.28':
    resolution: {integrity: sha512-lhqDEAvWixy3bZ+UOYbPwUbBkwBq5C1LAJ/xPC8Oi+lL54oyakv/npbA0aU2hgCsx/1NUd4IBvV03+aUBWxerw==}

  '@ianvs/prettier-plugin-sort-imports@4.4.0':
    resolution: {integrity: sha512-f4/e+/ANGk3tHuwRW0uh2YuBR50I4h1ZjGQ+5uD8sWfinHTivQsnieR5cz24t8M6Vx4rYvZ5v/IEKZhYpzQm9Q==}
    peerDependencies:
      '@vue/compiler-sfc': 2.7.x || 3.x
      prettier: 2 || 3
    peerDependenciesMeta:
      '@vue/compiler-sfc':
        optional: true

  '@jridgewell/gen-mapping@0.3.5':
    resolution: {integrity: sha512-IzL8ZoEDIBRWEzlCcRhOaCupYyN5gdIK+Q6fbFdPDg6HqX6jpkItn7DFIpW9LQzXG6Df9sA7+OKnq0qlz/GaQg==}
    engines: {node: '>=6.0.0'}

  '@jridgewell/resolve-uri@3.1.2':
    resolution: {integrity: sha512-bRISgCIjP20/tbWSPWMEi54QVPRZExkuD9lJL+UIxUKtwVJA8wW1Trb1jMs1RFXo1CBTNZ/5hpC9QvmKWdopKw==}
    engines: {node: '>=6.0.0'}

  '@jridgewell/set-array@1.2.1':
    resolution: {integrity: sha512-R8gLRTZeyp03ymzP/6Lil/28tGeGEzhx1q2k703KGWRAI1VdvPIXdG70VJc2pAMw3NA6JKL5hhFu1sJX0Mnn/A==}
    engines: {node: '>=6.0.0'}

  '@jridgewell/sourcemap-codec@1.5.0':
    resolution: {integrity: sha512-gv3ZRaISU3fjPAgNsriBRqGWQL6quFx04YMPW/zD8XMLsU32mhCCbfbO6KZFLjvYpCZ8zyDEgqsgf+PwPaM7GQ==}

  '@jridgewell/trace-mapping@0.3.25':
    resolution: {integrity: sha512-vNk6aEwybGtawWmy/PzwnGDOjCkLWSD2wqvjGGAgOAwCGWySYXfYoxt00IJkTF+8Lb57DwOb3Aa0o9CApepiYQ==}

  '@levischuck/tiny-cbor@0.2.2':
    resolution: {integrity: sha512-f5CnPw997Y2GQ8FAvtuVVC19FX8mwNNC+1XJcIi16n/LTJifKO6QBgGLgN3YEmqtGMk17SKSuoWES3imJVxAVw==}

  '@noble/ciphers@0.6.0':
    resolution: {integrity: sha512-mIbq/R9QXk5/cTfESb1OKtyFnk7oc1Om/8onA1158K9/OZUQFDEVy55jVTato+xmp3XX6F6Qh0zz0Nc1AxAlRQ==}

  '@noble/hashes@1.6.1':
    resolution: {integrity: sha512-pq5D8h10hHBjyqX+cfBm0i8JUXJ0UhczFc4r74zbuT9XgewFo2E3J1cOaGtdZynILNmQ685YWGzGE1Zv6io50w==}
    engines: {node: ^14.21.3 || >=16}

  '@node-rs/argon2-android-arm-eabi@1.7.0':
    resolution: {integrity: sha512-udDqkr5P9E+wYX1SZwAVPdyfYvaF4ry9Tm+R9LkfSHbzWH0uhU6zjIwNRp7m+n4gx691rk+lqqDAIP8RLKwbhg==}
    engines: {node: '>= 10'}
    cpu: [arm]
    os: [android]

  '@node-rs/argon2-android-arm64@1.7.0':
    resolution: {integrity: sha512-s9j/G30xKUx8WU50WIhF0fIl1EdhBGq0RQ06lEhZ0Gi0ap8lhqbE2Bn5h3/G2D1k0Dx+yjeVVNmt/xOQIRG38A==}
    engines: {node: '>= 10'}
    cpu: [arm64]
    os: [android]

  '@node-rs/argon2-darwin-arm64@1.7.0':
    resolution: {integrity: sha512-ZIz4L6HGOB9U1kW23g+m7anGNuTZ0RuTw0vNp3o+2DWpb8u8rODq6A8tH4JRL79S+Co/Nq608m9uackN2pe0Rw==}
    engines: {node: '>= 10'}
    cpu: [arm64]
    os: [darwin]

  '@node-rs/argon2-darwin-x64@1.7.0':
    resolution: {integrity: sha512-5oi/pxqVhODW/pj1+3zElMTn/YukQeywPHHYDbcAW3KsojFjKySfhcJMd1DjKTc+CHQI+4lOxZzSUzK7mI14Hw==}
    engines: {node: '>= 10'}
    cpu: [x64]
    os: [darwin]

  '@node-rs/argon2-freebsd-x64@1.7.0':
    resolution: {integrity: sha512-Ify08683hA4QVXYoIm5SUWOY5DPIT/CMB0CQT+IdxQAg/F+qp342+lUkeAtD5bvStQuCx/dFO3bnnzoe2clMhA==}
    engines: {node: '>= 10'}
    cpu: [x64]
    os: [freebsd]

  '@node-rs/argon2-linux-arm-gnueabihf@1.7.0':
    resolution: {integrity: sha512-7DjDZ1h5AUHAtRNjD19RnQatbhL+uuxBASuuXIBu4/w6Dx8n7YPxwTP4MXfsvuRgKuMWiOb/Ub/HJ3kXVCXRkg==}
    engines: {node: '>= 10'}
    cpu: [arm]
    os: [linux]

  '@node-rs/argon2-linux-arm64-gnu@1.7.0':
    resolution: {integrity: sha512-nJDoMP4Y3YcqGswE4DvP080w6O24RmnFEDnL0emdI8Nou17kNYBzP2546Nasx9GCyLzRcYQwZOUjrtUuQ+od2g==}
    engines: {node: '>= 10'}
    cpu: [arm64]
    os: [linux]

  '@node-rs/argon2-linux-arm64-musl@1.7.0':
    resolution: {integrity: sha512-BKWS8iVconhE3jrb9mj6t1J9vwUqQPpzCbUKxfTGJfc+kNL58F1SXHBoe2cDYGnHrFEHTY0YochzXoAfm4Dm/A==}
    engines: {node: '>= 10'}
    cpu: [arm64]
    os: [linux]

  '@node-rs/argon2-linux-x64-gnu@1.7.0':
    resolution: {integrity: sha512-EmgqZOlf4Jurk/szW1iTsVISx25bKksVC5uttJDUloTgsAgIGReCpUUO1R24pBhu9ESJa47iv8NSf3yAfGv6jQ==}
    engines: {node: '>= 10'}
    cpu: [x64]
    os: [linux]

  '@node-rs/argon2-linux-x64-musl@1.7.0':
    resolution: {integrity: sha512-/o1efYCYIxjfuoRYyBTi2Iy+1iFfhqHCvvVsnjNSgO1xWiWrX0Rrt/xXW5Zsl7vS2Y+yu8PL8KFWRzZhaVxfKA==}
    engines: {node: '>= 10'}
    cpu: [x64]
    os: [linux]

  '@node-rs/argon2-wasm32-wasi@1.7.0':
    resolution: {integrity: sha512-Evmk9VcxqnuwQftfAfYEr6YZYSPLzmKUsbFIMep5nTt9PT4XYRFAERj7wNYp+rOcBenF3X4xoB+LhwcOMTNE5w==}
    engines: {node: '>=14.0.0'}
    cpu: [wasm32]

  '@node-rs/argon2-win32-arm64-msvc@1.7.0':
    resolution: {integrity: sha512-qgsU7T004COWWpSA0tppDqDxbPLgg8FaU09krIJ7FBl71Sz8SFO40h7fDIjfbTT5w7u6mcaINMQ5bSHu75PCaA==}
    engines: {node: '>= 10'}
    cpu: [arm64]
    os: [win32]

  '@node-rs/argon2-win32-ia32-msvc@1.7.0':
    resolution: {integrity: sha512-JGafwWYQ/HpZ3XSwP4adQ6W41pRvhcdXvpzIWtKvX+17+xEXAe2nmGWM6s27pVkg1iV2ZtoYLRDkOUoGqZkCcg==}
    engines: {node: '>= 10'}
    cpu: [ia32]
    os: [win32]

  '@node-rs/argon2-win32-x64-msvc@1.7.0':
    resolution: {integrity: sha512-9oq4ShyFakw8AG3mRls0AoCpxBFcimYx7+jvXeAf2OqKNO+mSA6eZ9z7KQeVCi0+SOEUYxMGf5UiGiDb9R6+9Q==}
    engines: {node: '>= 10'}
    cpu: [x64]
    os: [win32]

  '@node-rs/argon2@1.7.0':
    resolution: {integrity: sha512-zfULc+/tmcWcxn+nHkbyY8vP3+MpEqKORbszt4UkpqZgBgDAAIYvuDN/zukfTgdmo6tmJKKVfzigZOPk4LlIog==}
    engines: {node: '>= 10'}

  '@node-rs/bcrypt-android-arm-eabi@1.9.0':
    resolution: {integrity: sha512-nOCFISGtnodGHNiLrG0WYLWr81qQzZKYfmwHc7muUeq+KY0sQXyHOwZk9OuNQAWv/lnntmtbwkwT0QNEmOyLvA==}
    engines: {node: '>= 10'}
    cpu: [arm]
    os: [android]

  '@node-rs/bcrypt-android-arm64@1.9.0':
    resolution: {integrity: sha512-+ZrIAtigVmjYkqZQTThHVlz0+TG6D+GDHWhVKvR2DifjtqJ0i+mb9gjo++hN+fWEQdWNGxKCiBBjwgT4EcXd6A==}
    engines: {node: '>= 10'}
    cpu: [arm64]
    os: [android]

  '@node-rs/bcrypt-darwin-arm64@1.9.0':
    resolution: {integrity: sha512-CQiS+F9Pa0XozvkXR1g7uXE9QvBOPOplDg0iCCPRYTN9PqA5qYxhwe48G3o+v2UeQceNRrbnEtWuANm7JRqIhw==}
    engines: {node: '>= 10'}
    cpu: [arm64]
    os: [darwin]

  '@node-rs/bcrypt-darwin-x64@1.9.0':
    resolution: {integrity: sha512-4pTKGawYd7sNEjdJ7R/R67uwQH1VvwPZ0SSUMmeNHbxD5QlwAPXdDH11q22uzVXsvNFZ6nGQBg8No5OUGpx6Ug==}
    engines: {node: '>= 10'}
    cpu: [x64]
    os: [darwin]

  '@node-rs/bcrypt-freebsd-x64@1.9.0':
    resolution: {integrity: sha512-UmWzySX4BJhT/B8xmTru6iFif3h0Rpx3TqxRLCcbgmH43r7k5/9QuhpiyzpvKGpKHJCFNm4F3rC2wghvw5FCIg==}
    engines: {node: '>= 10'}
    cpu: [x64]
    os: [freebsd]

  '@node-rs/bcrypt-linux-arm-gnueabihf@1.9.0':
    resolution: {integrity: sha512-8qoX4PgBND2cVwsbajoAWo3NwdfJPEXgpCsZQZURz42oMjbGyhhSYbovBCskGU3EBLoC8RA2B1jFWooeYVn5BA==}
    engines: {node: '>= 10'}
    cpu: [arm]
    os: [linux]

  '@node-rs/bcrypt-linux-arm64-gnu@1.9.0':
    resolution: {integrity: sha512-TuAC6kx0SbcIA4mSEWPi+OCcDjTQUMl213v5gMNlttF+D4ieIZx6pPDGTaMO6M2PDHTeCG0CBzZl0Lu+9b0c7Q==}
    engines: {node: '>= 10'}
    cpu: [arm64]
    os: [linux]

  '@node-rs/bcrypt-linux-arm64-musl@1.9.0':
    resolution: {integrity: sha512-/sIvKDABOI8QOEnLD7hIj02BVaNOuCIWBKvxcJOt8+TuwJ6zmY1UI5kSv9d99WbiHjTp97wtAUbZQwauU4b9ew==}
    engines: {node: '>= 10'}
    cpu: [arm64]
    os: [linux]

  '@node-rs/bcrypt-linux-x64-gnu@1.9.0':
    resolution: {integrity: sha512-DyyhDHDsLBsCKz1tZ1hLvUZSc1DK0FU0v52jK6IBQxrj24WscSU9zZe7ie/V9kdmA4Ep57BfpWX8Dsa2JxGdgQ==}
    engines: {node: '>= 10'}
    cpu: [x64]
    os: [linux]

  '@node-rs/bcrypt-linux-x64-musl@1.9.0':
    resolution: {integrity: sha512-duIiuqQ+Lew8ASSAYm6ZRqcmfBGWwsi81XLUwz86a2HR7Qv6V4yc3ZAUQovAikhjCsIqe8C11JlAZSK6+PlXYg==}
    engines: {node: '>= 10'}
    cpu: [x64]
    os: [linux]

  '@node-rs/bcrypt-wasm32-wasi@1.9.0':
    resolution: {integrity: sha512-ylaGmn9Wjwv/D5lxtawttx3H6Uu2WTTR7lWlRHGT6Ga/MB1Vj4OjSGUW8G8zIVnKuXpGbZ92pgHlt4HUpSLctw==}
    engines: {node: '>=14.0.0'}
    cpu: [wasm32]

  '@node-rs/bcrypt-win32-arm64-msvc@1.9.0':
    resolution: {integrity: sha512-2h86gF7QFyEzODuDFml/Dp1MSJoZjxJ4yyT2Erf4NkwsiA5MqowUhUsorRwZhX6+2CtlGa7orbwi13AKMsYndw==}
    engines: {node: '>= 10'}
    cpu: [arm64]
    os: [win32]

  '@node-rs/bcrypt-win32-ia32-msvc@1.9.0':
    resolution: {integrity: sha512-kqxalCvhs4FkN0+gWWfa4Bdy2NQAkfiqq/CEf6mNXC13RSV673Ev9V8sRlQyNpCHCNkeXfOT9pgoBdJmMs9muA==}
    engines: {node: '>= 10'}
    cpu: [ia32]
    os: [win32]

  '@node-rs/bcrypt-win32-x64-msvc@1.9.0':
    resolution: {integrity: sha512-2y0Tuo6ZAT2Cz8V7DHulSlv1Bip3zbzeXyeur+uR25IRNYXKvI/P99Zl85Fbuu/zzYAZRLLlGTRe6/9IHofe/w==}
    engines: {node: '>= 10'}
    cpu: [x64]
    os: [win32]

  '@node-rs/bcrypt@1.9.0':
    resolution: {integrity: sha512-u2OlIxW264bFUfvbFqDz9HZKFjwe8FHFtn7T/U8mYjPZ7DWYpbUB+/dkW/QgYfMSfR0ejkyuWaBBe0coW7/7ig==}
    engines: {node: '>= 10'}

  '@peculiar/asn1-android@2.3.13':
    resolution: {integrity: sha512-0VTNazDGKrLS6a3BwTDZanqq6DR/I3SbvmDMuS8Be+OYpvM6x1SRDh9AGDsHVnaCOIztOspCPc6N1m+iUv1Xxw==}

  '@peculiar/asn1-ecc@2.3.14':
    resolution: {integrity: sha512-zWPyI7QZto6rnLv6zPniTqbGaLh6zBpJyI46r1yS/bVHJXT2amdMHCRRnbV5yst2H8+ppXG6uXu/M6lKakiQ8w==}

  '@peculiar/asn1-rsa@2.3.13':
    resolution: {integrity: sha512-wBNQqCyRtmqvXkGkL4DR3WxZhHy8fDiYtOjTeCd7SFE5F6GBeafw3EJ94PX/V0OJJrjQ40SkRY2IZu3ZSyBqcg==}

  '@peculiar/asn1-schema@2.3.13':
    resolution: {integrity: sha512-3Xq3a01WkHRZL8X04Zsfg//mGaA21xlL4tlVn4v2xGT0JStiztATRkMwa5b+f/HXmY2smsiLXYK46Gwgzvfg3g==}

  '@peculiar/asn1-x509@2.3.13':
    resolution: {integrity: sha512-PfeLQl2skXmxX2/AFFCVaWU8U6FKW1Db43mgBhShCOFS1bVxqtvusq1hVjfuEcuSQGedrLdCSvTgabluwN/M9A==}

  '@simplewebauthn/browser@10.0.0':
    resolution: {integrity: sha512-hG0JMZD+LiLUbpQcAjS4d+t4gbprE/dLYop/CkE01ugU/9sKXflxV5s0DRjdz3uNMFecatRfb4ZLG3XvF8m5zg==}

  '@simplewebauthn/server@10.0.1':
    resolution: {integrity: sha512-djNWcRn+H+6zvihBFJSpG3fzb0NQS9c/Mw5dYOtZ9H+oDw8qn9Htqxt4cpqRvSOAfwqP7rOvE9rwqVaoGGc3hg==}
    engines: {node: '>=20.0.0'}

  '@simplewebauthn/types@10.0.0':
    resolution: {integrity: sha512-SFXke7xkgPRowY2E+8djKbdEznTVnD5R6GO7GPTthpHrokLvNKw8C3lFZypTxLI7KkCfGPfhtqB3d7OVGGa9jQ==}

  '@tybys/wasm-util@0.8.3':
    resolution: {integrity: sha512-Z96T/L6dUFFxgFJ+pQtkPpne9q7i6kIPYCFnQBHSgSPV9idTsKfIhCss0h5iM9irweZCatkrdeP8yi5uM1eX6Q==}

  '@types/node@22.10.1':
    resolution: {integrity: sha512-qKgsUwfHZV2WCWLAnVP1JqnpE6Im6h3Y0+fYgMTasNQ7V++CBX5OT1as0g0f+OyubbFqhf6XVNIsmN4IIhEgGQ==}

  ansi-regex@5.0.1:
    resolution: {integrity: sha512-quJQXlTSUGL2LH9SUXo8VwsY4soanhgo6LNSm84E1LBcE8s3O0wpdiRzyR9z/ZZJMlMWv37qOOb9pdJlMUEKFQ==}
    engines: {node: '>=8'}

  ansi-styles@4.3.0:
    resolution: {integrity: sha512-zbB9rCJAT1rbjiVDb2hqKFHNYLxgtk8NURxZ3IZwD3F6NtxbXZQCnnSi1Lkx+IDohdPlFp222wVALIheZJQSEg==}
    engines: {node: '>=8'}

  asn1js@3.0.5:
    resolution: {integrity: sha512-FVnvrKJwpt9LP2lAMl8qZswRNm3T4q9CON+bxldk2iwk3FFpuwhx2FfinyitizWHsVYyaY+y5JzDR0rCMV5yTQ==}
    engines: {node: '>=12.0.0'}

  better-auth@1.0.7:
    resolution: {integrity: sha512-BTVgD4tBxlUlT47MRrzk8UE1wKDH4J4cebcNJ5lL7c3BxrNZNfhGjKGpUKTqvtZ1aXU5kKeoJwTFOVr0DXgg2Q==}

  better-call@0.3.3-beta.2:
    resolution: {integrity: sha512-pk+dXQGICPphvMKxl1VOWUUDXF4AYC4DQhLFLSBwS/pfgryhfnx1yJhGqApJzy8eJi5aN5+uLSWDGzKJaMuCGQ==}

  chalk@4.1.2:
    resolution: {integrity: sha512-oKnbhFyRIXpUuez8iBMmyEa4nbj4IOQyuhc/wy9kY7/WVPcwIO9VA668Pu8RkO7+0G76SLROeyw9CpQ061i4mA==}
    engines: {node: '>=10'}

  cliui@8.0.1:
    resolution: {integrity: sha512-BSeNnyus75C4//NQ9gQt1/csTXyo/8Sb+afLAkzAptFuMsod9HFokGNudZpi/oQV73hnVK+sR+5PVRMd+Dr7YQ==}
    engines: {node: '>=12'}

  color-convert@2.0.1:
    resolution: {integrity: sha512-RRECPsj7iu/xb5oKYcsFHSppFNnsj/52OVTRKb4zP5onXwVF3zVmmToNcOfGC+CRDpfK/U584fMg38ZHCaElKQ==}
    engines: {node: '>=7.0.0'}

  color-name@1.1.4:
    resolution: {integrity: sha512-dOy+3AuW3a2wNbZHIuMZpTcgjGuLU/uBL/ubcZF9OXbDo8ff4O8yVp5Bf0efS8uEoYo5q4Fx7dY9OgQGXgAsQA==}

  concurrently@9.1.0:
    resolution: {integrity: sha512-VxkzwMAn4LP7WyMnJNbHN5mKV9L2IbyDjpzemKr99sXNR3GqRNMMHdm7prV1ws9wg7ETj6WUkNOigZVsptwbgg==}
    engines: {node: '>=18'}
    hasBin: true

  consola@3.2.3:
    resolution: {integrity: sha512-I5qxpzLv+sJhTVEoLYNcTW+bThDCPsit0vLNKShZx6rLtpilNpmmeTPaeqJb9ZE9dV3DGaeby6Vuhrw38WjeyQ==}
    engines: {node: ^14.18.0 || >=16.10.0}

  cross-fetch@4.0.0:
    resolution: {integrity: sha512-e4a5N8lVvuLgAWgnCrLr2PP0YyDOTHa9H/Rj54dirp61qXnNq46m82bRhNqIA5VccJtWBvPTFRV3TtvHUKPB1g==}

  debug@4.3.7:
    resolution: {integrity: sha512-Er2nc/H7RrMXZBFCEim6TCmMk02Z8vLC2Rbi1KEBggpo0fS6l0S1nnapwmIi3yW/+GOJap1Krg4w0Hg80oCqgQ==}
    engines: {node: '>=6.0'}
    peerDependencies:
      supports-color: '*'
    peerDependenciesMeta:
      supports-color:
        optional: true

  defu@6.1.4:
    resolution: {integrity: sha512-mEQCMmwJu317oSz8CwdIOdwf3xMif1ttiM8LTufzc3g6kR+9Pe236twL8j3IYT1F7GfRgGcW6MWxzZjLIkuHIg==}

  emoji-regex@8.0.0:
    resolution: {integrity: sha512-MSjYzcWNOA0ewAHpz0MxpYFvwg6yjy1NG3xteoqz644VCo/RPgnr1/GGt+ic3iJTzQ8Eu3TdM14SawnVUmGE6A==}

  escalade@3.2.0:
    resolution: {integrity: sha512-WUj2qlxaQtO4g6Pq5c29GTcWGDyd8itL8zTlipgECz3JesAiiOKotd8JU6otB3PACgG6xkJUyVhboMS+bje/jA==}
    engines: {node: '>=6'}

  fs-monkey@1.0.6:
    resolution: {integrity: sha512-b1FMfwetIKymC0eioW7mTywihSQE4oLzQn1dB6rZB5fx/3NpNEdAWeCSMB+60/AeT0TCXsxzAlcYVEFCTAksWg==}

  get-caller-file@2.0.5:
    resolution: {integrity: sha512-DyFP3BM/3YHTQOCUL/w0OZHR0lpKeGrxotcHWcqNEdnltqFwXVfhEBQ94eIo34AfQpo0rGki4cyIiftY06h2Fg==}
    engines: {node: 6.* || 8.* || >= 10.*}

  globals@11.12.0:
    resolution: {integrity: sha512-WOBp/EEGUiIsJSp7wcv/y6MO+lV9UoncWqxuFfm8eBwzWNgyfBd6Gz+IeKQ9jCmyhoH99g15M3T+QaVHFjizVA==}
    engines: {node: '>=4'}

  has-flag@4.0.0:
    resolution: {integrity: sha512-EykJT/Q1KjTWctppgIAgfSO0tKVuZUjhgMr17kqTumMl6Afv3EISleU7qZUzoXDFTAHTDC4NOoG/ZxU3EvlMPQ==}
    engines: {node: '>=8'}

  hono@4.6.12:
    resolution: {integrity: sha512-eHtf4kSDNw6VVrdbd5IQi16r22m3s7mWPLd7xOMhg1a/Yyb1A0qpUFq8xYMX4FMuDe1nTKeMX5rTx7Nmw+a+Ag==}
    engines: {node: '>=16.9.0'}

  ipaddr.js@2.2.0:
    resolution: {integrity: sha512-Ag3wB2o37wslZS19hZqorUnrnzSkpOVy+IiiDEiTqNubEYpYuHWIf6K4psgN2ZWKExS4xhVCrRVfb/wfW8fWJA==}
    engines: {node: '>= 10'}

  is-fullwidth-code-point@3.0.0:
    resolution: {integrity: sha512-zymm5+u+sCsSWyD9qNaejV3DFvhCKclKdizYaJUuHA83RLjb7nSuGnddCHGv0hk+KY7BMAlsWeK4Ueg6EV6XQg==}
    engines: {node: '>=8'}

  jose@5.9.6:
    resolution: {integrity: sha512-AMlnetc9+CV9asI19zHmrgS/WYsWUwCn2R7RzlbJWD7F9eWYUTGyBmU9o6PxngtLGOiDGPRu+Uc4fhKzbpteZQ==}

  js-tokens@4.0.0:
    resolution: {integrity: sha512-RdJUflcE3cUzKiMqQgsCu06FPu9UdIJO0beYbPhHN4k6apgJtifcoCtT9bcxOpYBtpD2kCM6Sbzg4CausW/PKQ==}

  jsesc@3.0.2:
    resolution: {integrity: sha512-xKqzzWXDttJuOcawBt4KnKHHIf5oQ/Cxax+0PWFG+DFDgHNAdi+TXECADI+RYiFUMmx8792xsMbbgXj4CwnP4g==}
    engines: {node: '>=6'}
    hasBin: true

  kysely@0.27.4:
    resolution: {integrity: sha512-dyNKv2KRvYOQPLCAOCjjQuCk4YFd33BvGdf/o5bC7FiW+BB6snA81Zt+2wT9QDFzKqxKa5rrOmvlK/anehCcgA==}
    engines: {node: '>=14.0.0'}

  lodash@4.17.21:
    resolution: {integrity: sha512-v2kDEe57lecTulaDIuNTPy3Ry4gLGJ6Z1O3vE1krgXZNrsQ+LFTGHVxVjcXPs17LhbZVGedAJv8XZ1tvj5FvSg==}

  memfs-browser@3.5.10302:
    resolution: {integrity: sha512-JJTc/nh3ig05O0gBBGZjTCPOyydaTxNF0uHYBrcc1gHNnO+KIHIvo0Y1FKCJsaei6FCl8C6xfQomXqu+cuzkIw==}

  memfs@3.5.3:
    resolution: {integrity: sha512-UERzLsxzllchadvbPs5aolHh65ISpKpM+ccLbOJ8/vvpBKmAWf+la7dXFy7Mr0ySHbdHrFv5kGFCUHHe6GFEmw==}
    engines: {node: '>= 4.0.0'}

  ms@2.1.3:
    resolution: {integrity: sha512-6FlzubTLZG3J2a/NVCAleEhjzq5oxgHyaCU9yYXvcLsvoVaHJq/s5xXI6/XXP6tz7R9xAOtHnSO/tXtF3WRTlA==}

  nanoid@5.0.9:
    resolution: {integrity: sha512-Aooyr6MXU6HpvvWXKoVoXwKMs/KyVakWwg7xQfv5/S/RIgJMy0Ifa45H9qqYy7pTCszrHzP21Uk4PZq2HpEM8Q==}
    engines: {node: ^18 || >=20}
    hasBin: true

  nanostores@0.11.3:
    resolution: {integrity: sha512-TUes3xKIX33re4QzdxwZ6tdbodjmn3tWXCEc1uokiEmo14sI1EaGYNs2k3bU2pyyGNmBqFGAVl6jAGWd06AVIg==}
    engines: {node: ^18.0.0 || >=20.0.0}

  node-fetch@2.7.0:
    resolution: {integrity: sha512-c4FRfUm/dbcWZ7U+1Wq0AwCyFL+3nt2bEw05wfxSz+DWpWsitgmSgYmy2dQdWyKC1694ELPqMs/YzUSNozLt8A==}
    engines: {node: 4.x || >=6.0.0}
    peerDependencies:
      encoding: ^0.1.0
    peerDependenciesMeta:
      encoding:
        optional: true

  oslo@1.2.1:
    resolution: {integrity: sha512-HfIhB5ruTdQv0XX2XlncWQiJ5SIHZ7NHZhVyHth0CSZ/xzge00etRyYy/3wp/Dsu+PkxMC+6+B2lS/GcKoewkA==}

  picocolors@1.1.1:
    resolution: {integrity: sha512-xceH2snhtb5M9liqDsmEw56le376mTZkEX/jEb/RxNFyegNul7eNslCXP9FDj/Lcu0X8KEyMceP2ntpaHrDEVA==}

  prettier-plugin-tailwindcss@0.6.9:
    resolution: {integrity: sha512-r0i3uhaZAXYP0At5xGfJH876W3HHGHDp+LCRUJrs57PBeQ6mYHMwr25KH8NPX44F2yGTvdnH7OqCshlQx183Eg==}
    engines: {node: '>=14.21.3'}
    peerDependencies:
      '@ianvs/prettier-plugin-sort-imports': '*'
      '@prettier/plugin-pug': '*'
      '@shopify/prettier-plugin-liquid': '*'
      '@trivago/prettier-plugin-sort-imports': '*'
      '@zackad/prettier-plugin-twig-melody': '*'
      prettier: ^3.0
      prettier-plugin-astro: '*'
      prettier-plugin-css-order: '*'
      prettier-plugin-import-sort: '*'
      prettier-plugin-jsdoc: '*'
      prettier-plugin-marko: '*'
      prettier-plugin-multiline-arrays: '*'
      prettier-plugin-organize-attributes: '*'
      prettier-plugin-organize-imports: '*'
      prettier-plugin-sort-imports: '*'
      prettier-plugin-style-order: '*'
      prettier-plugin-svelte: '*'
    peerDependenciesMeta:
      '@ianvs/prettier-plugin-sort-imports':
        optional: true
      '@prettier/plugin-pug':
        optional: true
      '@shopify/prettier-plugin-liquid':
        optional: true
      '@trivago/prettier-plugin-sort-imports':
        optional: true
      '@zackad/prettier-plugin-twig-melody':
        optional: true
      prettier-plugin-astro:
        optional: true
      prettier-plugin-css-order:
        optional: true
      prettier-plugin-import-sort:
        optional: true
      prettier-plugin-jsdoc:
        optional: true
      prettier-plugin-marko:
        optional: true
      prettier-plugin-multiline-arrays:
        optional: true
      prettier-plugin-organize-attributes:
        optional: true
      prettier-plugin-organize-imports:
        optional: true
      prettier-plugin-sort-imports:
        optional: true
      prettier-plugin-style-order:
        optional: true
      prettier-plugin-svelte:
        optional: true

  prettier@3.4.1:
    resolution: {integrity: sha512-G+YdqtITVZmOJje6QkXQWzl3fSfMxFwm1tjTyo9exhkmWSqC4Yhd1+lug++IlR2mvRVAxEDDWYkQdeSztajqgg==}
    engines: {node: '>=14'}
    hasBin: true

  pvtsutils@1.3.6:
    resolution: {integrity: sha512-PLgQXQ6H2FWCaeRak8vvk1GW462lMxB5s3Jm673N82zI4vqtVUPuZdffdZbPDFRoU8kAhItWFtPCWiPpp4/EDg==}

  pvutils@1.1.3:
    resolution: {integrity: sha512-pMpnA0qRdFp32b1sJl1wOJNxZLQ2cbQx+k6tjNtZ8CpvVhNqEPRgivZ2WOUev2YMajecdH7ctUPDvEe87nariQ==}
    engines: {node: '>=6.0.0'}

  require-directory@2.1.1:
    resolution: {integrity: sha512-fGxEI7+wsG9xrvdjsrlmL22OMTTiHRwAMroiEeMgq8gzoLC/PQr7RsRDSTLUg/bZAZtF+TVIkHc6/4RIKrui+Q==}
    engines: {node: '>=0.10.0'}

  rou3@0.5.1:
    resolution: {integrity: sha512-OXMmJ3zRk2xeXFGfA3K+EOPHC5u7RDFG7lIOx0X1pdnhUkI8MdVrbV+sNsD80ElpUZ+MRHdyxPnFthq9VHs8uQ==}

  rxjs@7.8.1:
    resolution: {integrity: sha512-AA3TVj+0A2iuIoQkWEK/tqFjBq2j+6PO6Y0zJcvzLAFhEFIO3HL0vls9hWLncZbAAbK0mar7oZ4V079I/qPMxg==}

  semver@7.6.3:
    resolution: {integrity: sha512-oVekP1cKtI+CTDvHWYFUcMtsK/00wmAEfyqKfNdARm8u1wNVhSgaX7A8d4UuIlUI5e84iEwOhs7ZPYRmzU9U6A==}
    engines: {node: '>=10'}
    hasBin: true

  set-cookie-parser@2.7.1:
    resolution: {integrity: sha512-IOc8uWeOZgnb3ptbCURJWNjWUPcO3ZnTTdzsurqERrP6nPyv+paC55vJM0LpOlT2ne+Ix+9+CRG1MNLlyZ4GjQ==}

  shell-quote@1.8.2:
    resolution: {integrity: sha512-AzqKpGKjrj7EM6rKVQEPpB288oCfnrEIuyoT9cyF4nmGa7V8Zk6f7RRqYisX8X9m+Q7bd632aZW4ky7EhbQztA==}
    engines: {node: '>= 0.4'}

  string-width@4.2.3:
    resolution: {integrity: sha512-wKyQRQpjJ0sIp62ErSZdGsjMJWsap5oRNihHhu6G7JVO/9jIB6UyevL+tXuOqrng8j/cxKTWyWUwvSTriiZz/g==}
    engines: {node: '>=8'}

  strip-ansi@6.0.1:
    resolution: {integrity: sha512-Y38VPSHcqkFrCpFnQ9vuSXmquuv5oXOKpGeT6aGrr3o3Gc9AlVa6JBfUSOCnbxGGZF+/0ooI7KrPuUSztUdU5A==}
    engines: {node: '>=8'}

  supports-color@7.2.0:
    resolution: {integrity: sha512-qpCAvRl9stuOHveKsn7HncJRvv501qIacKzQlO/+Lwxc9+0q2wLyv4Dfvt80/DPn2pqOBsJdDiogXGR9+OvwRw==}
    engines: {node: '>=8'}

  supports-color@8.1.1:
    resolution: {integrity: sha512-MpUEN2OodtUzxvKQl72cUF7RQ5EiHsGvSsVG0ia9c5RbWGL2CI4C7EpPS8UTBIplnlzZiNuV56w+FuNxy3ty2Q==}
    engines: {node: '>=10'}

  tr46@0.0.3:
    resolution: {integrity: sha512-N3WMsuqV66lT30CrXNbEjx4GEwlow3v6rr4mCcv6prnfwhS01rkgyFdjPNBYd9br7LpXV1+Emh01fHnq2Gdgrw==}

  tree-kill@1.2.2:
    resolution: {integrity: sha512-L0Orpi8qGpRG//Nd+H90vFB+3iHnue1zSSGmNOOCh1GLJ7rUKVwV2HvijphGQS2UmhUZewS9VgvxYIdgr+fG1A==}
    hasBin: true

  tslib@2.8.1:
    resolution: {integrity: sha512-oJFu94HQb+KVduSUQL7wnpmqnfmLsOA/nAh6b6EH0wCEoK0/mPeXU6c3wKDV83MkOuHPRHtSXKKU99IBazS/2w==}

  uncrypto@0.1.3:
    resolution: {integrity: sha512-Ql87qFHB3s/De2ClA9e0gsnS6zXG27SkTiSJwjCc9MebbfapQfuPzumMIUMi38ezPZVNFcHI9sUIepeQfw8J8Q==}

  undici-types@6.20.0:
    resolution: {integrity: sha512-Ny6QZ2Nju20vw1SRHe3d9jVu6gJ+4e3+MMpqu7pqE5HT6WsTSlce++GQmK5UXS8mzV8DSYHrQH+Xrf2jVcuKNg==}

  webidl-conversions@3.0.1:
    resolution: {integrity: sha512-2JAn3z8AR6rjK8Sm8orRC0h/bcl/DqL7tRPdGZ4I1CjdF+EaMLmYxBHyXuKL849eucPFhvBoxMsflfOb8kxaeQ==}

  whatwg-url@5.0.0:
    resolution: {integrity: sha512-saE57nupxk6v3HY35+jzBwYa0rKSy0XR8JSxZPwgLr7ys0IBzhGviA1/TUGJLmSVqs8pb9AnvICXEuOHLprYTw==}

  wrap-ansi@7.0.0:
    resolution: {integrity: sha512-YVGIj2kamLSTxw6NsZjoBxfSwsn0ycdesmc4p+Q21c5zPuZ1pl+NfxVdxPtdHvmNVOQ6XSYG4AUtyt/Fi7D16Q==}
    engines: {node: '>=10'}

  y18n@5.0.8:
    resolution: {integrity: sha512-0pfFzegeDWJHJIAmTLRP2DwHjdF5s7jo9tuztdQxAhINCdvS+3nGINqPd00AphqJR/0LhANUS6/+7SCb98YOfA==}
    engines: {node: '>=10'}

  yargs-parser@21.1.1:
    resolution: {integrity: sha512-tVpsJW7DdjecAiFpbIB1e3qxIQsE6NoPc5/eTdrbbIC4h0LVsWhnoa3g+m2HclBIujHzsxZ4VJVA+GUuc2/LBw==}
    engines: {node: '>=12'}

  yargs@17.7.2:
    resolution: {integrity: sha512-7dSzzRQ++CKnNI/krKnYRV7JKKPUXMEh61soaHKg9mrWEhzFWhFnxPxGl+69cD1Ou63C13NUPCnmIcrvqCuM6w==}
    engines: {node: '>=12'}

  zod@3.23.8:
    resolution: {integrity: sha512-XBx9AXhXktjUqnepgTiE5flcKIYWi/rme0Eaj+5Y0lftuGBq+jyRu/md4WnuxqgP1ubdpNCsYEYPxrzVHD8d6g==}

snapshots:

  '@babel/code-frame@7.26.2':
    dependencies:
      '@babel/helper-validator-identifier': 7.25.9
      js-tokens: 4.0.0
      picocolors: 1.1.1

  '@babel/generator@7.26.2':
    dependencies:
      '@babel/parser': 7.26.2
      '@babel/types': 7.26.0
      '@jridgewell/gen-mapping': 0.3.5
      '@jridgewell/trace-mapping': 0.3.25
      jsesc: 3.0.2

  '@babel/helper-string-parser@7.25.9': {}

  '@babel/helper-validator-identifier@7.25.9': {}

  '@babel/parser@7.26.2':
    dependencies:
      '@babel/types': 7.26.0

  '@babel/template@7.25.9':
    dependencies:
      '@babel/code-frame': 7.26.2
      '@babel/parser': 7.26.2
      '@babel/types': 7.26.0

  '@babel/traverse@7.25.9':
    dependencies:
      '@babel/code-frame': 7.26.2
      '@babel/generator': 7.26.2
      '@babel/parser': 7.26.2
      '@babel/template': 7.25.9
      '@babel/types': 7.26.0
      debug: 4.3.7
      globals: 11.12.0
    transitivePeerDependencies:
      - supports-color

  '@babel/types@7.26.0':
    dependencies:
      '@babel/helper-string-parser': 7.25.9
      '@babel/helper-validator-identifier': 7.25.9

  '@better-fetch/fetch@1.1.12': {}

  '@emnapi/core@0.45.0':
    dependencies:
      tslib: 2.8.1
    optional: true

  '@emnapi/runtime@0.45.0':
    dependencies:
      tslib: 2.8.1
    optional: true

  '@hexagon/base64@1.1.28': {}

  '@ianvs/prettier-plugin-sort-imports@4.4.0(prettier@3.4.1)':
    dependencies:
      '@babel/generator': 7.26.2
      '@babel/parser': 7.26.2
      '@babel/traverse': 7.25.9
      '@babel/types': 7.26.0
      prettier: 3.4.1
      semver: 7.6.3
    transitivePeerDependencies:
      - supports-color

  '@jridgewell/gen-mapping@0.3.5':
    dependencies:
      '@jridgewell/set-array': 1.2.1
      '@jridgewell/sourcemap-codec': 1.5.0
      '@jridgewell/trace-mapping': 0.3.25

  '@jridgewell/resolve-uri@3.1.2': {}

  '@jridgewell/set-array@1.2.1': {}

  '@jridgewell/sourcemap-codec@1.5.0': {}

  '@jridgewell/trace-mapping@0.3.25':
    dependencies:
      '@jridgewell/resolve-uri': 3.1.2
      '@jridgewell/sourcemap-codec': 1.5.0

  '@levischuck/tiny-cbor@0.2.2': {}

  '@noble/ciphers@0.6.0': {}

  '@noble/hashes@1.6.1': {}

  '@node-rs/argon2-android-arm-eabi@1.7.0':
    optional: true

  '@node-rs/argon2-android-arm64@1.7.0':
    optional: true

  '@node-rs/argon2-darwin-arm64@1.7.0':
    optional: true

  '@node-rs/argon2-darwin-x64@1.7.0':
    optional: true

  '@node-rs/argon2-freebsd-x64@1.7.0':
    optional: true

  '@node-rs/argon2-linux-arm-gnueabihf@1.7.0':
    optional: true

  '@node-rs/argon2-linux-arm64-gnu@1.7.0':
    optional: true

  '@node-rs/argon2-linux-arm64-musl@1.7.0':
    optional: true

  '@node-rs/argon2-linux-x64-gnu@1.7.0':
    optional: true

  '@node-rs/argon2-linux-x64-musl@1.7.0':
    optional: true

  '@node-rs/argon2-wasm32-wasi@1.7.0':
    dependencies:
      '@emnapi/core': 0.45.0
      '@emnapi/runtime': 0.45.0
      '@tybys/wasm-util': 0.8.3
      memfs-browser: 3.5.10302
    optional: true

  '@node-rs/argon2-win32-arm64-msvc@1.7.0':
    optional: true

  '@node-rs/argon2-win32-ia32-msvc@1.7.0':
    optional: true

  '@node-rs/argon2-win32-x64-msvc@1.7.0':
    optional: true

  '@node-rs/argon2@1.7.0':
    optionalDependencies:
      '@node-rs/argon2-android-arm-eabi': 1.7.0
      '@node-rs/argon2-android-arm64': 1.7.0
      '@node-rs/argon2-darwin-arm64': 1.7.0
      '@node-rs/argon2-darwin-x64': 1.7.0
      '@node-rs/argon2-freebsd-x64': 1.7.0
      '@node-rs/argon2-linux-arm-gnueabihf': 1.7.0
      '@node-rs/argon2-linux-arm64-gnu': 1.7.0
      '@node-rs/argon2-linux-arm64-musl': 1.7.0
      '@node-rs/argon2-linux-x64-gnu': 1.7.0
      '@node-rs/argon2-linux-x64-musl': 1.7.0
      '@node-rs/argon2-wasm32-wasi': 1.7.0
      '@node-rs/argon2-win32-arm64-msvc': 1.7.0
      '@node-rs/argon2-win32-ia32-msvc': 1.7.0
      '@node-rs/argon2-win32-x64-msvc': 1.7.0

  '@node-rs/bcrypt-android-arm-eabi@1.9.0':
    optional: true

  '@node-rs/bcrypt-android-arm64@1.9.0':
    optional: true

  '@node-rs/bcrypt-darwin-arm64@1.9.0':
    optional: true

  '@node-rs/bcrypt-darwin-x64@1.9.0':
    optional: true

  '@node-rs/bcrypt-freebsd-x64@1.9.0':
    optional: true

  '@node-rs/bcrypt-linux-arm-gnueabihf@1.9.0':
    optional: true

  '@node-rs/bcrypt-linux-arm64-gnu@1.9.0':
    optional: true

  '@node-rs/bcrypt-linux-arm64-musl@1.9.0':
    optional: true

  '@node-rs/bcrypt-linux-x64-gnu@1.9.0':
    optional: true

  '@node-rs/bcrypt-linux-x64-musl@1.9.0':
    optional: true

  '@node-rs/bcrypt-wasm32-wasi@1.9.0':
    dependencies:
      '@emnapi/core': 0.45.0
      '@emnapi/runtime': 0.45.0
      '@tybys/wasm-util': 0.8.3
      memfs-browser: 3.5.10302
    optional: true

  '@node-rs/bcrypt-win32-arm64-msvc@1.9.0':
    optional: true

  '@node-rs/bcrypt-win32-ia32-msvc@1.9.0':
    optional: true

  '@node-rs/bcrypt-win32-x64-msvc@1.9.0':
    optional: true

  '@node-rs/bcrypt@1.9.0':
    optionalDependencies:
      '@node-rs/bcrypt-android-arm-eabi': 1.9.0
      '@node-rs/bcrypt-android-arm64': 1.9.0
      '@node-rs/bcrypt-darwin-arm64': 1.9.0
      '@node-rs/bcrypt-darwin-x64': 1.9.0
      '@node-rs/bcrypt-freebsd-x64': 1.9.0
      '@node-rs/bcrypt-linux-arm-gnueabihf': 1.9.0
      '@node-rs/bcrypt-linux-arm64-gnu': 1.9.0
      '@node-rs/bcrypt-linux-arm64-musl': 1.9.0
      '@node-rs/bcrypt-linux-x64-gnu': 1.9.0
      '@node-rs/bcrypt-linux-x64-musl': 1.9.0
      '@node-rs/bcrypt-wasm32-wasi': 1.9.0
      '@node-rs/bcrypt-win32-arm64-msvc': 1.9.0
      '@node-rs/bcrypt-win32-ia32-msvc': 1.9.0
      '@node-rs/bcrypt-win32-x64-msvc': 1.9.0

  '@peculiar/asn1-android@2.3.13':
    dependencies:
      '@peculiar/asn1-schema': 2.3.13
      asn1js: 3.0.5
      tslib: 2.8.1

  '@peculiar/asn1-ecc@2.3.14':
    dependencies:
      '@peculiar/asn1-schema': 2.3.13
      '@peculiar/asn1-x509': 2.3.13
      asn1js: 3.0.5
      tslib: 2.8.1

  '@peculiar/asn1-rsa@2.3.13':
    dependencies:
      '@peculiar/asn1-schema': 2.3.13
      '@peculiar/asn1-x509': 2.3.13
      asn1js: 3.0.5
      tslib: 2.8.1

  '@peculiar/asn1-schema@2.3.13':
    dependencies:
      asn1js: 3.0.5
      pvtsutils: 1.3.6
      tslib: 2.8.1

  '@peculiar/asn1-x509@2.3.13':
    dependencies:
      '@peculiar/asn1-schema': 2.3.13
      asn1js: 3.0.5
      ipaddr.js: 2.2.0
      pvtsutils: 1.3.6
      tslib: 2.8.1

  '@simplewebauthn/browser@10.0.0':
    dependencies:
      '@simplewebauthn/types': 10.0.0

  '@simplewebauthn/server@10.0.1':
    dependencies:
      '@hexagon/base64': 1.1.28
      '@levischuck/tiny-cbor': 0.2.2
      '@peculiar/asn1-android': 2.3.13
      '@peculiar/asn1-ecc': 2.3.14
      '@peculiar/asn1-rsa': 2.3.13
      '@peculiar/asn1-schema': 2.3.13
      '@peculiar/asn1-x509': 2.3.13
      '@simplewebauthn/types': 10.0.0
      cross-fetch: 4.0.0
    transitivePeerDependencies:
      - encoding

  '@simplewebauthn/types@10.0.0': {}

  '@tybys/wasm-util@0.8.3':
    dependencies:
      tslib: 2.8.1
    optional: true

  '@types/node@22.10.1':
    dependencies:
      undici-types: 6.20.0

  ansi-regex@5.0.1: {}

  ansi-styles@4.3.0:
    dependencies:
      color-convert: 2.0.1

  asn1js@3.0.5:
    dependencies:
      pvtsutils: 1.3.6
      pvutils: 1.1.3
      tslib: 2.8.1

  better-auth@1.0.7:
    dependencies:
      '@better-fetch/fetch': 1.1.12
      '@noble/ciphers': 0.6.0
      '@noble/hashes': 1.6.1
      '@simplewebauthn/browser': 10.0.0
      '@simplewebauthn/server': 10.0.1
      better-call: 0.3.3-beta.2
      consola: 3.2.3
      defu: 6.1.4
      jose: 5.9.6
      kysely: 0.27.4
      nanoid: 5.0.9
      nanostores: 0.11.3
      oslo: 1.2.1
      uncrypto: 0.1.3
      zod: 3.23.8
    transitivePeerDependencies:
      - encoding

  better-call@0.3.3-beta.2:
    dependencies:
      '@better-fetch/fetch': 1.1.12
      rou3: 0.5.1
      set-cookie-parser: 2.7.1
      uncrypto: 0.1.3
      zod: 3.23.8

  chalk@4.1.2:
    dependencies:
      ansi-styles: 4.3.0
      supports-color: 7.2.0

  cliui@8.0.1:
    dependencies:
      string-width: 4.2.3
      strip-ansi: 6.0.1
      wrap-ansi: 7.0.0

  color-convert@2.0.1:
    dependencies:
      color-name: 1.1.4

  color-name@1.1.4: {}

  concurrently@9.1.0:
    dependencies:
      chalk: 4.1.2
      lodash: 4.17.21
      rxjs: 7.8.1
      shell-quote: 1.8.2
      supports-color: 8.1.1
      tree-kill: 1.2.2
      yargs: 17.7.2

  consola@3.2.3: {}

  cross-fetch@4.0.0:
    dependencies:
      node-fetch: 2.7.0
    transitivePeerDependencies:
      - encoding

  debug@4.3.7:
    dependencies:
      ms: 2.1.3

  defu@6.1.4: {}

  emoji-regex@8.0.0: {}

  escalade@3.2.0: {}

  fs-monkey@1.0.6:
    optional: true

  get-caller-file@2.0.5: {}

  globals@11.12.0: {}

  has-flag@4.0.0: {}

  hono@4.6.12: {}

  ipaddr.js@2.2.0: {}

  is-fullwidth-code-point@3.0.0: {}

  jose@5.9.6: {}

  js-tokens@4.0.0: {}

  jsesc@3.0.2: {}

  kysely@0.27.4: {}

  lodash@4.17.21: {}

  memfs-browser@3.5.10302:
    dependencies:
      memfs: 3.5.3
    optional: true

  memfs@3.5.3:
    dependencies:
      fs-monkey: 1.0.6
    optional: true

  ms@2.1.3: {}

  nanoid@5.0.9: {}

  nanostores@0.11.3: {}

  node-fetch@2.7.0:
    dependencies:
      whatwg-url: 5.0.0

  oslo@1.2.1:
    dependencies:
      '@node-rs/argon2': 1.7.0
      '@node-rs/bcrypt': 1.9.0

  picocolors@1.1.1: {}

  prettier-plugin-tailwindcss@0.6.9(@ianvs/prettier-plugin-sort-imports@4.4.0(prettier@3.4.1))(prettier@3.4.1):
    dependencies:
      prettier: 3.4.1
    optionalDependencies:
      '@ianvs/prettier-plugin-sort-imports': 4.4.0(prettier@3.4.1)

  prettier@3.4.1: {}

  pvtsutils@1.3.6:
    dependencies:
      tslib: 2.8.1

  pvutils@1.1.3: {}

  require-directory@2.1.1: {}

  rou3@0.5.1: {}

  rxjs@7.8.1:
    dependencies:
      tslib: 2.8.1

  semver@7.6.3: {}

  set-cookie-parser@2.7.1: {}

  shell-quote@1.8.2: {}

  string-width@4.2.3:
    dependencies:
      emoji-regex: 8.0.0
      is-fullwidth-code-point: 3.0.0
      strip-ansi: 6.0.1

  strip-ansi@6.0.1:
    dependencies:
      ansi-regex: 5.0.1

  supports-color@7.2.0:
    dependencies:
      has-flag: 4.0.0

  supports-color@8.1.1:
    dependencies:
      has-flag: 4.0.0

  tr46@0.0.3: {}

  tree-kill@1.2.2: {}

  tslib@2.8.1: {}

  uncrypto@0.1.3: {}

  undici-types@6.20.0: {}

  webidl-conversions@3.0.1: {}

  whatwg-url@5.0.0:
    dependencies:
      tr46: 0.0.3
      webidl-conversions: 3.0.1

  wrap-ansi@7.0.0:
    dependencies:
      ansi-styles: 4.3.0
      string-width: 4.2.3
      strip-ansi: 6.0.1

  y18n@5.0.8: {}

  yargs-parser@21.1.1: {}

  yargs@17.7.2:
    dependencies:
      cliui: 8.0.1
      escalade: 3.2.0
      get-caller-file: 2.0.5
      require-directory: 2.1.1
      string-width: 4.2.3
      y18n: 5.0.8
      yargs-parser: 21.1.1

  zod@3.23.8: {}
